
Microsoft Visual Studio Solution File, Format Version 12.00
# Visual Studio Version 16
VisualStudioVersion = 16.0.29102.190
MinimumVisualStudioVersion = 10.0.40219.1
Project("{9A19103F-16F7-4668-BE54-9A1E7A4F7556}") = "WarNov.AESManagedWrapper.NetStandard", "WarNov.AESManagedWrapper.NetStandard\WarNov.AESManagedWrapper.NetStandard.csproj", "{1BDB7287-CF03-4653-90ED-90708FE255F9}"
EndProject
Project("{9A19103F-16F7-4668-BE54-9A1E7A4F7556}") = "WarNov.AESManagedWrapper.CoreConsoleTester", "WarNov.AESManagedWrapper.CoreConsoleTester\WarNov.AESManagedWrapper.CoreConsoleTester.csproj", "{2CED7128-D717-46B0-A056-34CEBFF13230}"
EndProject
Project("{FAE04EC0-301F-11D3-BF4B-00C04F79EFBC}") = "WarNov.AESManagedWrapper", "WarNov.AESManagedWrapper.NetFramework\WarNov.AESManagedWrapper.csproj", "{C04E89CA-0AA7-42E0-A8B0-CD9BB79444C4}"
EndProject
Project("{FAE04EC0-301F-11D3-BF4B-00C04F79EFBC}") = "WarNov.AESManagedWrapper.WinFormsTester", "WarNov.AESManagedWrapper.WinFormsTester\WarNov.AESManagedWrapper.WinFormsTester.csproj", "{BF6CC230-2E6D-447B-B0AC-634E617AFD83}"
EndProject
Global
	GlobalSection(SolutionConfigurationPlatforms) = preSolution
		Debug|Any CPU = Debug|Any CPU
		Debug|Mixed Platforms = Debug|Mixed Platforms
		Debug|x86 = Debug|x86
		Release|Any CPU = Release|Any CPU
		Release|Mixed Platforms = Release|Mixed Platforms
		Release|x86 = Release|x86
	EndGlobalSection
	GlobalSection(ProjectConfigurationPlatforms) = postSolution
		{1BDB7287-CF03-4653-90ED-90708FE255F9}.Debug|Any CPU.ActiveCfg = Debug|Any CPU
		{1BDB7287-CF03-4653-90ED-90708FE255F9}.Debug|Any CPU.Build.0 = Debug|Any CPU
		{1BDB7287-CF03-4653-90ED-90708FE255F9}.Debug|Mixed Platforms.ActiveCfg = Debug|Any CPU
		{1BDB7287-CF03-4653-90ED-90708FE255F9}.Debug|Mixed Platforms.Build.0 = Debug|Any CPU
		{1BDB7287-CF03-4653-90ED-90708FE255F9}.Debug|x86.ActiveCfg = Debug|Any CPU
		{1BDB7287-CF03-4653-90ED-90708FE255F9}.Debug|x86.Build.0 = Debug|Any CPU
		{1BDB7287-CF03-4653-90ED-90708FE255F9}.Release|Any CPU.ActiveCfg = Release|Any CPU
		{1BDB7287-CF03-4653-90ED-90708FE255F9}.Release|Any CPU.Build.0 = Release|Any CPU
		{1BDB7287-CF03-4653-90ED-90708FE255F9}.Release|Mixed Platforms.ActiveCfg = Release|Any CPU
		{1BDB7287-CF03-4653-90ED-90708FE255F9}.Release|Mixed Platforms.Build.0 = Release|Any CPU
		{1BDB7287-CF03-4653-90ED-90708FE255F9}.Release|x86.ActiveCfg = Release|Any CPU
		{1BDB7287-CF03-4653-90ED-90708FE255F9}.Release|x86.Build.0 = Release|Any CPU
		{2CED7128-D717-46B0-A056-34CEBFF13230}.Debug|Any CPU.ActiveCfg = Debug|Any CPU
		{2CED7128-D717-46B0-A056-34CEBFF13230}.Debug|Any CPU.Build.0 = Debug|Any CPU
		{2CED7128-D717-46B0-A056-34CEBFF13230}.Debug|Mixed Platforms.ActiveCfg = Debug|Any CPU
		{2CED7128-D717-46B0-A056-34CEBFF13230}.Debug|Mixed Platforms.Build.0 = Debug|Any CPU
		{2CED7128-D717-46B0-A056-34CEBFF13230}.Debug|x86.ActiveCfg = Debug|Any CPU
		{2CED7128-D717-46B0-A056-34CEBFF13230}.Debug|x86.Build.0 = Debug|Any CPU
		{2CED7128-D717-46B0-A056-34CEBFF13230}.Release|Any CPU.ActiveCfg = Release|Any CPU
		{2CED7128-D717-46B0-A056-34CEBFF13230}.Release|Any CPU.Build.0 = Release|Any CPU
		{2CED7128-D717-46B0-A056-34CEBFF13230}.Release|Mixed Platforms.ActiveCfg = Release|Any CPU
		{2CED7128-D717-46B0-A056-34CEBFF13230}.Release|Mixed Platforms.Build.0 = Release|Any CPU
		{2CED7128-D717-46B0-A056-34CEBFF13230}.Release|x86.ActiveCfg = Release|Any CPU
		{2CED7128-D717-46B0-A056-34CEBFF13230}.Release|x86.Build.0 = Release|Any CPU
		{C04E89CA-0AA7-42E0-A8B0-CD9BB79444C4}.Debug|Any CPU.ActiveCfg = Debug|Any CPU
		{C04E89CA-0AA7-42E0-A8B0-CD9BB79444C4}.Debug|Any CPU.Build.0 = Debug|Any CPU
		{C04E89CA-0AA7-42E0-A8B0-CD9BB79444C4}.Debug|Mixed Platforms.ActiveCfg = Debug|Any CPU
		{C04E89CA-0AA7-42E0-A8B0-CD9BB79444C4}.Debug|Mixed Platforms.Build.0 = Debug|Any CPU
		{C04E89CA-0AA7-42E0-A8B0-CD9BB79444C4}.Debug|x86.ActiveCfg = Debug|Any CPU
		{C04E89CA-0AA7-42E0-A8B0-CD9BB79444C4}.Debug|x86.Build.0 = Debug|Any CPU
		{C04E89CA-0AA7-42E0-A8B0-CD9BB79444C4}.Release|Any CPU.ActiveCfg = Release|Any CPU
		{C04E89CA-0AA7-42E0-A8B0-CD9BB79444C4}.Release|Any CPU.Build.0 = Release|Any CPU
		{C04E89CA-0AA7-42E0-A8B0-CD9BB79444C4}.Release|Mixed Platforms.ActiveCfg = Release|Any CPU
		{C04E89CA-0AA7-42E0-A8B0-CD9BB79444C4}.Release|Mixed Platforms.Build.0 = Release|Any CPU
		{C04E89CA-0AA7-42E0-A8B0-CD9BB79444C4}.Release|x86.ActiveCfg = Release|Any CPU
		{C04E89CA-0AA7-42E0-A8B0-CD9BB79444C4}.Release|x86.Build.0 = Release|Any CPU
		{BF6CC230-2E6D-447B-B0AC-634E617AFD83}.Debug|Any CPU.ActiveCfg = Debug|x86
		{BF6CC230-2E6D-447B-B0AC-634E617AFD83}.Debug|Mixed Platforms.ActiveCfg = Debug|x86
		{BF6CC230-2E6D-447B-B0AC-634E617AFD83}.Debug|Mixed Platforms.Build.0 = Debug|x86
		{BF6CC230-2E6D-447B-B0AC-634E617AFD83}.Debug|x86.ActiveCfg = Debug|x86
		{BF6CC230-2E6D-447B-B0AC-634E617AFD83}.Debug|x86.Build.0 = Debug|x86
		{BF6CC230-2E6D-447B-B0AC-634E617AFD83}.Release|Any CPU.ActiveCfg = Release|x86
		{BF6CC230-2E6D-447B-B0AC-634E617AFD83}.Release|Mixed Platforms.ActiveCfg = Release|x86
		{BF6CC230-2E6D-447B-B0AC-634E617AFD83}.Release|Mixed Platforms.Build.0 = Release|x86
		{BF6CC230-2E6D-447B-B0AC-634E617AFD83}.Release|x86.ActiveCfg = Release|x86
		{BF6CC230-2E6D-447B-B0AC-634E617AFD83}.Release|x86.Build.0 = Release|x86
	EndGlobalSection
	GlobalSection(SolutionProperties) = preSolution
		HideSolutionNode = FALSE
	EndGlobalSection
	GlobalSection(ExtensibilityGlobals) = postSolution
		SolutionGuid = {3B1FFC1E-D59B-4300-AD5F-19F5DC872FF3}
	EndGlobalSection
EndGlobal
